
Microsoft Visual Studio Solution File, Format Version 12.00
# Visual Studio Version 16
VisualStudioVersion = 16.0.30621.155
MinimumVisualStudioVersion = 10.0.40219.1
Project("{8BC9CEB8-8B4A-11D0-8D11-00A0C91BC942}") = "Lab5_SuztezanieMasivi12", "Lab5_SuztezanieMasivi12.vcxproj", "{E0012AE6-7776-4FA4-AA83-83F4DDABD39E}"
EndProject
Global
	GlobalSection(SolutionConfigurationPlatforms) = preSolution
		Debug|x64 = Debug|x64
		Debug|x86 = Debug|x86
		Release|x64 = Release|x64
		Release|x86 = Release|x86
	EndGlobalSection
	GlobalSection(ProjectConfigurationPlatforms) = postSolution
		{E0012AE6-7776-4FA4-AA83-83F4DDABD39E}.Debug|x64.ActiveCfg = Debug|x64
		{E0012AE6-7776-4FA4-AA83-83F4DDABD39E}.Debug|x64.Build.0 = Debug|x64
		{E0012AE6-7776-4FA4-AA83-83F4DDABD39E}.Debug|x86.ActiveCfg = Debug|Win32
		{E0012AE6-7776-4FA4-AA83-83F4DDABD39E}.Debug|x86.Build.0 = Debug|Win32
		{E0012AE6-7776-4FA4-AA83-83F4DDABD39E}.Release|x64.ActiveCfg = Release|x64
		{E0012AE6-7776-4FA4-AA83-83F4DDABD39E}.Release|x64.Build.0 = Release|x64
		{E0012AE6-7776-4FA4-AA83-83F4DDABD39E}.Release|x86.ActiveCfg = Release|Win32
		{E0012AE6-7776-4FA4-AA83-83F4DDABD39E}.Release|x86.Build.0 = Release|Win32
	EndGlobalSection
	GlobalSection(SolutionProperties) = preSolution
		HideSolutionNode = FALSE
	EndGlobalSection
	GlobalSection(ExtensibilityGlobals) = postSolution
		SolutionGuid = {A1AB5B1A-88BF-44D0-BB09-AD4433CF675D}
	EndGlobalSection
EndGlobal
